
Microsoft Visual Studio Solution File, Format Version 12.00
# Visual Studio Version 17
VisualStudioVersion = 17.5.2.0
MinimumVisualStudioVersion = 10.0.40219.1
Project("{2150E333-8FDC-42A3-9474-1A3956D46DE8}") = "ejemplos", "ejemplos", "{96637F1F-9C50-C9B0-C3CE-9063DC36B345}"
EndProject
Project("{FAE04EC0-301F-11D3-BF4B-00C04F79EFBC}") = "e1-mayor-dos-numeros", "ejemplos\e1-mayor-dos-numeros\e1-mayor-dos-numeros.csproj", "{D0615DAD-49B4-5811-B2DA-879F474717F6}"
EndProject
Project("{2150E333-8FDC-42A3-9474-1A3956D46DE8}") = "practicas", "practicas", "{C6E6E96D-11B4-1835-726D-999569F48707}"
EndProject
Project("{2150E333-8FDC-42A3-9474-1A3956D46DE8}") = "p1-contar-1-al-10", "p1-contar-1-al-10", "{8C26FAFD-1E27-CC0D-EF35-992AF7E5408C}"
EndProject
Project("{FAE04EC0-301F-11D3-BF4B-00C04F79EFBC}") = "ConsoleApp1", "practicas\p1-contar-1-al-10\ConsoleApp1\ConsoleApp1.csproj", "{8D223754-958F-49E4-8CB5-123A7ED5FB6A}"
EndProject
Project("{2150E333-8FDC-42A3-9474-1A3956D46DE8}") = "p2-sumar-numeros-del-1-al-n", "p2-sumar-numeros-del-1-al-n", "{C421BE70-4EDD-97B7-061A-0F3719440B00}"
EndProject
Project("{FAE04EC0-301F-11D3-BF4B-00C04F79EFBC}") = "ConsoleApp1", "practicas\p1-contar-1-al-10\p2-sumar-numeros-del-1-al-n\ConsoleApp1\ConsoleApp1.csproj", "{FAC1FA89-BBEB-4E56-98C2-404E3E1A5F2F}"
EndProject
Project("{FAE04EC0-301F-11D3-BF4B-00C04F79EFBC}") = "ConsoleApp3", "practicas\p1-contar-1-al-10\ConsoleApp3\ConsoleApp3.csproj", "{19E45CAF-CEB4-43B1-AD16-7C2138D666FA}"
EndProject
Project("{FAE04EC0-301F-11D3-BF4B-00C04F79EFBC}") = "ConsoleApp4", "practicas\p1-contar-1-al-10\ConsoleApp4\ConsoleApp4.csproj", "{2CD601D8-7F91-4E8F-AF52-960E10937C4F}"
EndProject
Global
	GlobalSection(SolutionConfigurationPlatforms) = preSolution
		Debug|Any CPU = Debug|Any CPU
		Debug|x64 = Debug|x64
		Debug|x86 = Debug|x86
		Release|Any CPU = Release|Any CPU
		Release|x64 = Release|x64
		Release|x86 = Release|x86
	EndGlobalSection
	GlobalSection(ProjectConfigurationPlatforms) = postSolution
		{D0615DAD-49B4-5811-B2DA-879F474717F6}.Debug|Any CPU.ActiveCfg = Debug|Any CPU
		{D0615DAD-49B4-5811-B2DA-879F474717F6}.Debug|Any CPU.Build.0 = Debug|Any CPU
		{D0615DAD-49B4-5811-B2DA-879F474717F6}.Debug|x64.ActiveCfg = Debug|Any CPU
		{D0615DAD-49B4-5811-B2DA-879F474717F6}.Debug|x64.Build.0 = Debug|Any CPU
		{D0615DAD-49B4-5811-B2DA-879F474717F6}.Debug|x86.ActiveCfg = Debug|Any CPU
		{D0615DAD-49B4-5811-B2DA-879F474717F6}.Debug|x86.Build.0 = Debug|Any CPU
		{D0615DAD-49B4-5811-B2DA-879F474717F6}.Release|Any CPU.ActiveCfg = Release|Any CPU
		{D0615DAD-49B4-5811-B2DA-879F474717F6}.Release|Any CPU.Build.0 = Release|Any CPU
		{D0615DAD-49B4-5811-B2DA-879F474717F6}.Release|x64.ActiveCfg = Release|Any CPU
		{D0615DAD-49B4-5811-B2DA-879F474717F6}.Release|x64.Build.0 = Release|Any CPU
		{D0615DAD-49B4-5811-B2DA-879F474717F6}.Release|x86.ActiveCfg = Release|Any CPU
		{D0615DAD-49B4-5811-B2DA-879F474717F6}.Release|x86.Build.0 = Release|Any CPU
		{8D223754-958F-49E4-8CB5-123A7ED5FB6A}.Debug|Any CPU.ActiveCfg = Debug|Any CPU
		{8D223754-958F-49E4-8CB5-123A7ED5FB6A}.Debug|Any CPU.Build.0 = Debug|Any CPU
		{8D223754-958F-49E4-8CB5-123A7ED5FB6A}.Debug|x64.ActiveCfg = Debug|Any CPU
		{8D223754-958F-49E4-8CB5-123A7ED5FB6A}.Debug|x64.Build.0 = Debug|Any CPU
		{8D223754-958F-49E4-8CB5-123A7ED5FB6A}.Debug|x86.ActiveCfg = Debug|Any CPU
		{8D223754-958F-49E4-8CB5-123A7ED5FB6A}.Debug|x86.Build.0 = Debug|Any CPU
		{8D223754-958F-49E4-8CB5-123A7ED5FB6A}.Release|Any CPU.ActiveCfg = Release|Any CPU
		{8D223754-958F-49E4-8CB5-123A7ED5FB6A}.Release|Any CPU.Build.0 = Release|Any CPU
		{8D223754-958F-49E4-8CB5-123A7ED5FB6A}.Release|x64.ActiveCfg = Release|Any CPU
		{8D223754-958F-49E4-8CB5-123A7ED5FB6A}.Release|x64.Build.0 = Release|Any CPU
		{8D223754-958F-49E4-8CB5-123A7ED5FB6A}.Release|x86.ActiveCfg = Release|Any CPU
		{8D223754-958F-49E4-8CB5-123A7ED5FB6A}.Release|x86.Build.0 = Release|Any CPU
		{FAC1FA89-BBEB-4E56-98C2-404E3E1A5F2F}.Debug|Any CPU.ActiveCfg = Debug|Any CPU
		{FAC1FA89-BBEB-4E56-98C2-404E3E1A5F2F}.Debug|Any CPU.Build.0 = Debug|Any CPU
		{FAC1FA89-BBEB-4E56-98C2-404E3E1A5F2F}.Debug|x64.ActiveCfg = Debug|Any CPU
		{FAC1FA89-BBEB-4E56-98C2-404E3E1A5F2F}.Debug|x64.Build.0 = Debug|Any CPU
		{FAC1FA89-BBEB-4E56-98C2-404E3E1A5F2F}.Debug|x86.ActiveCfg = Debug|Any CPU
		{FAC1FA89-BBEB-4E56-98C2-404E3E1A5F2F}.Debug|x86.Build.0 = Debug|Any CPU
		{FAC1FA89-BBEB-4E56-98C2-404E3E1A5F2F}.Release|Any CPU.ActiveCfg = Release|Any CPU
		{FAC1FA89-BBEB-4E56-98C2-404E3E1A5F2F}.Release|Any CPU.Build.0 = Release|Any CPU
		{FAC1FA89-BBEB-4E56-98C2-404E3E1A5F2F}.Release|x64.ActiveCfg = Release|Any CPU
		{FAC1FA89-BBEB-4E56-98C2-404E3E1A5F2F}.Release|x64.Build.0 = Release|Any CPU
		{FAC1FA89-BBEB-4E56-98C2-404E3E1A5F2F}.Release|x86.ActiveCfg = Release|Any CPU
		{FAC1FA89-BBEB-4E56-98C2-404E3E1A5F2F}.Release|x86.Build.0 = Release|Any CPU
		{19E45CAF-CEB4-43B1-AD16-7C2138D666FA}.Debug|Any CPU.ActiveCfg = Debug|Any CPU
		{19E45CAF-CEB4-43B1-AD16-7C2138D666FA}.Debug|Any CPU.Build.0 = Debug|Any CPU
		{19E45CAF-CEB4-43B1-AD16-7C2138D666FA}.Debug|x64.ActiveCfg = Debug|Any CPU
		{19E45CAF-CEB4-43B1-AD16-7C2138D666FA}.Debug|x64.Build.0 = Debug|Any CPU
		{19E45CAF-CEB4-43B1-AD16-7C2138D666FA}.Debug|x86.ActiveCfg = Debug|Any CPU
		{19E45CAF-CEB4-43B1-AD16-7C2138D666FA}.Debug|x86.Build.0 = Debug|Any CPU
		{19E45CAF-CEB4-43B1-AD16-7C2138D666FA}.Release|Any CPU.ActiveCfg = Release|Any CPU
		{19E45CAF-CEB4-43B1-AD16-7C2138D666FA}.Release|Any CPU.Build.0 = Release|Any CPU
		{19E45CAF-CEB4-43B1-AD16-7C2138D666FA}.Release|x64.ActiveCfg = Release|Any CPU
		{19E45CAF-CEB4-43B1-AD16-7C2138D666FA}.Release|x64.Build.0 = Release|Any CPU
		{19E45CAF-CEB4-43B1-AD16-7C2138D666FA}.Release|x86.ActiveCfg = Release|Any CPU
		{19E45CAF-CEB4-43B1-AD16-7C2138D666FA}.Release|x86.Build.0 = Release|Any CPU
		{2CD601D8-7F91-4E8F-AF52-960E10937C4F}.Debug|Any CPU.ActiveCfg = Debug|Any CPU
		{2CD601D8-7F91-4E8F-AF52-960E10937C4F}.Debug|Any CPU.Build.0 = Debug|Any CPU
		{2CD601D8-7F91-4E8F-AF52-960E10937C4F}.Debug|x64.ActiveCfg = Debug|Any CPU
		{2CD601D8-7F91-4E8F-AF52-960E10937C4F}.Debug|x64.Build.0 = Debug|Any CPU
		{2CD601D8-7F91-4E8F-AF52-960E10937C4F}.Debug|x86.ActiveCfg = Debug|Any CPU
		{2CD601D8-7F91-4E8F-AF52-960E10937C4F}.Debug|x86.Build.0 = Debug|Any CPU
		{2CD601D8-7F91-4E8F-AF52-960E10937C4F}.Release|Any CPU.ActiveCfg = Release|Any CPU
		{2CD601D8-7F91-4E8F-AF52-960E10937C4F}.Release|Any CPU.Build.0 = Release|Any CPU
		{2CD601D8-7F91-4E8F-AF52-960E10937C4F}.Release|x64.ActiveCfg = Release|Any CPU
		{2CD601D8-7F91-4E8F-AF52-960E10937C4F}.Release|x64.Build.0 = Release|Any CPU
		{2CD601D8-7F91-4E8F-AF52-960E10937C4F}.Release|x86.ActiveCfg = Release|Any CPU
		{2CD601D8-7F91-4E8F-AF52-960E10937C4F}.Release|x86.Build.0 = Release|Any CPU
	EndGlobalSection
	GlobalSection(SolutionProperties) = preSolution
		HideSolutionNode = FALSE
	EndGlobalSection
	GlobalSection(NestedProjects) = preSolution
		{D0615DAD-49B4-5811-B2DA-879F474717F6} = {96637F1F-9C50-C9B0-C3CE-9063DC36B345}
		{8C26FAFD-1E27-CC0D-EF35-992AF7E5408C} = {C6E6E96D-11B4-1835-726D-999569F48707}
		{8D223754-958F-49E4-8CB5-123A7ED5FB6A} = {8C26FAFD-1E27-CC0D-EF35-992AF7E5408C}
		{C421BE70-4EDD-97B7-061A-0F3719440B00} = {8C26FAFD-1E27-CC0D-EF35-992AF7E5408C}
		{FAC1FA89-BBEB-4E56-98C2-404E3E1A5F2F} = {C421BE70-4EDD-97B7-061A-0F3719440B00}
		{19E45CAF-CEB4-43B1-AD16-7C2138D666FA} = {8C26FAFD-1E27-CC0D-EF35-992AF7E5408C}
		{2CD601D8-7F91-4E8F-AF52-960E10937C4F} = {8C26FAFD-1E27-CC0D-EF35-992AF7E5408C}
	EndGlobalSection
	GlobalSection(ExtensibilityGlobals) = postSolution
		SolutionGuid = {62195101-3E74-4404-B428-64675CC257DE}
	EndGlobalSection
EndGlobal
