Microsoft Visual Studio Solution File, Format Version 12.00
# Visual Studio Version 17
VisualStudioVersion = 17.5.2.0
MinimumVisualStudioVersion = 10.0.40219.1
Project("{FAE04EC0-301F-11D3-BF4B-00C04F79EFBC}") = "1-declaracion-e-iniciacion", "1-declaracion-e-iniciacion.csproj", "{D9F50496-2837-C3E0-873D-98F2C202152A}"
EndProject
Global
	GlobalSection(SolutionConfigurationPlatforms) = preSolution
		Debug|Any CPU = Debug|Any CPU
		Release|Any CPU = Release|Any CPU
	EndGlobalSection
	GlobalSection(ProjectConfigurationPlatforms) = postSolution
		{D9F50496-2837-C3E0-873D-98F2C202152A}.Debug|Any CPU.ActiveCfg = Debug|Any CPU
		{D9F50496-2837-C3E0-873D-98F2C202152A}.Debug|Any CPU.Build.0 = Debug|Any CPU
		{D9F50496-2837-C3E0-873D-98F2C202152A}.Release|Any CPU.ActiveCfg = Release|Any CPU
		{D9F50496-2837-C3E0-873D-98F2C202152A}.Release|Any CPU.Build.0 = Release|Any CPU
	EndGlobalSection
	GlobalSection(SolutionProperties) = preSolution
		HideSolutionNode = FALSE
	EndGlobalSection
	GlobalSection(ExtensibilityGlobals) = postSolution
		SolutionGuid = {80349D5F-49DF-4461-B96E-B45F81C400DC}
	EndGlobalSection
EndGlobal
